// !$*UTF8*$!
{
	archiveVersion = 1;
	classes = {
	};
	objectVersion = 46;
	objects = {

/* Begin PBXBuildFile section */
		71C3C8F31AEC360700E853F8 /* main.cpp in Sources */ = {isa = PBXBuildFile; fileRef = 71C3C8F21AEC360700E853F8 /* main.cpp */; };
		71C3C8FB1AEC372F00E853F8 /* Item.cpp in Sources */ = {isa = PBXBuildFile; fileRef = 71C3C8F91AEC372F00E853F8 /* Item.cpp */; };
		71C3C8FE1AEC374C00E853F8 /* ShoppingCart.cpp in Sources */ = {isa = PBXBuildFile; fileRef = 71C3C8FC1AEC374C00E853F8 /* ShoppingCart.cpp */; };
/* End PBXBuildFile section */

/* Begin PBXCopyFilesBuildPhase section */
		71C3C8ED1AEC360700E853F8 /* CopyFiles */ = {
			isa = PBXCopyFilesBuildPhase;
			buildActionMask = 2147483647;
			dstPath = /usr/share/man/man1/;
			dstSubfolderSpec = 0;
			files = (
			);
			runOnlyForDeploymentPostprocessing = 1;
		};
/* End PBXCopyFilesBuildPhase section */

/* Begin PBXFileReference section */
		71C3C8EF1AEC360700E853F8 /* 4b */ = {isa = PBXFileReference; explicitFileType = "compiled.mach-o.executable"; includeInIndex = 0; path = 4b; sourceTree = BUILT_PRODUCTS_DIR; };
		71C3C8F21AEC360700E853F8 /* main.cpp */ = {isa = PBXFileReference; lastKnownFileType = sourcecode.cpp.cpp; path = main.cpp; sourceTree = "<group>"; };
		71C3C8F91AEC372F00E853F8 /* Item.cpp */ = {isa = PBXFileReference; fileEncoding = 4; lastKnownFileType = sourcecode.cpp.cpp; path = Item.cpp; sourceTree = "<group>"; };
		71C3C8FA1AEC372F00E853F8 /* Item.hpp */ = {isa = PBXFileReference; fileEncoding = 4; lastKnownFileType = sourcecode.cpp.h; path = Item.hpp; sourceTree = "<group>"; };
		71C3C8FC1AEC374C00E853F8 /* ShoppingCart.cpp */ = {isa = PBXFileReference; fileEncoding = 4; lastKnownFileType = sourcecode.cpp.cpp; path = ShoppingCart.cpp; sourceTree = "<group>"; };
		71C3C8FD1AEC374C00E853F8 /* ShoppingCart.hpp */ = {isa = PBXFileReference; fileEncoding = 4; lastKnownFileType = sourcecode.cpp.h; path = ShoppingCart.hpp; sourceTree = "<group>"; };
/* End PBXFileReference section */

/* Begin PBXFrameworksBuildPhase section */
		71C3C8EC1AEC360700E853F8 /* Frameworks */ = {
			isa = PBXFrameworksBuildPhase;
			buildActionMask = 2147483647;
			files = (
			);
			runOnlyForDeploymentPostprocessing = 0;
		};
/* End PBXFrameworksBuildPhase section */

/* Begin PBXGroup section */
		71C3C8E61AEC360700E853F8 = {
			isa = PBXGroup;
			children = (
				71C3C8F11AEC360700E853F8 /* 4b */,
				71C3C8F01AEC360700E853F8 /* Products */,
			);
			sourceTree = "<group>";
		};
		71C3C8F01AEC360700E853F8 /* Products */ = {
			isa = PBXGroup;
			children = (
				71C3C8EF1AEC360700E853F8 /* 4b */,
			);
			name = Products;
			sourceTree = "<group>";
		};
		71C3C8F11AEC360700E853F8 /* 4b */ = {
			isa = PBXGroup;
			children = (
				71C3C8F21AEC360700E853F8 /* main.cpp */,
				71C3C8F91AEC372F00E853F8 /* Item.cpp */,
				71C3C8FA1AEC372F00E853F8 /* Item.hpp */,
				71C3C8FC1AEC374C00E853F8 /* ShoppingCart.cpp */,
				71C3C8FD1AEC374C00E853F8 /* ShoppingCart.hpp */,
			);
			path = 4b;
			sourceTree = "<group>";
		};
/* End PBXGroup section */

/* Begin PBXNativeTarget section */
		71C3C8EE1AEC360700E853F8 /* 4b */ = {
			isa = PBXNativeTarget;
			buildConfigurationList = 71C3C8F61AEC360700E853F8 /* Build configuration list for PBXNativeTarget "4b" */;
			buildPhases = (
				71C3C8EB1AEC360700E853F8 /* Sources */,
				71C3C8EC1AEC360700E853F8 /* Frameworks */,
				71C3C8ED1AEC360700E853F8 /* CopyFiles */,
			);
			buildRules = (
			);
			dependencies = (
			);
			name = 4b;
			productName = 4b;
			productReference = 71C3C8EF1AEC360700E853F8 /* 4b */;
			productType = "com.apple.product-type.tool";
		};
/* End PBXNativeTarget section */

/* Begin PBXProject section */
		71C3C8E71AEC360700E853F8 /* Project object */ = {
			isa = PBXProject;
			attributes = {
				LastUpgradeCheck = 0630;
				ORGANIZATIONNAME = "Dane Schoonover";
				TargetAttributes = {
					71C3C8EE1AEC360700E853F8 = {
						CreatedOnToolsVersion = 6.3;
					};
				};
			};
			buildConfigurationList = 71C3C8EA1AEC360700E853F8 /* Build configuration list for PBXProject "4b" */;
			compatibilityVersion = "Xcode 3.2";
			developmentRegion = English;
			hasScannedForEncodings = 0;
			knownRegions = (
				en,
			);
			mainGroup = 71C3C8E61AEC360700E853F8;
			productRefGroup = 71C3C8F01AEC360700E853F8 /* Products */;
			projectDirPath = "";
			projectRoot = "";
			targets = (
				71C3C8EE1AEC360700E853F8 /* 4b */,
			);
		};
/* End PBXProject section */

/* Begin PBXSourcesBuildPhase section */
		71C3C8EB1AEC360700E853F8 /* Sources */ = {
			isa = PBXSourcesBuildPhase;
			buildActionMask = 2147483647;
			files = (
				71C3C8FE1AEC374C00E853F8 /* ShoppingCart.cpp in Sources */,
				71C3C8FB1AEC372F00E853F8 /* Item.cpp in Sources */,
				71C3C8F31AEC360700E853F8 /* main.cpp in Sources */,
			);
			runOnlyForDeploymentPostprocessing = 0;
		};
/* End PBXSourcesBuildPhase section */

/* Begin XCBuildConfiguration section */
		71C3C8F41AEC360700E853F8 /* Debug */ = {
			isa = XCBuildConfiguration;
			buildSettings = {
				ALWAYS_SEARCH_USER_PATHS = NO;
				CLANG_CXX_LANGUAGE_STANDARD = "gnu++0x";
				CLANG_CXX_LIBRARY = "libc++";
				CLANG_ENABLE_MODULES = YES;
				CLANG_ENABLE_OBJC_ARC = YES;
				CLANG_WARN_BOOL_CONVERSION = YES;
				CLANG_WARN_CONSTANT_CONVERSION = YES;
				CLANG_WARN_DIRECT_OBJC_ISA_USAGE = YES_ERROR;
				CLANG_WARN_EMPTY_BODY = YES;
				CLANG_WARN_ENUM_CONVERSION = YES;
				CLANG_WARN_INT_CONVERSION = YES;
				CLANG_WARN_OBJC_ROOT_CLASS = YES_ERROR;
				CLANG_WARN_UNREACHABLE_CODE = YES;
				CLANG_WARN__DUPLICATE_METHOD_MATCH = YES;
				COPY_PHASE_STRIP = NO;
				DEBUG_INFORMATION_FORMAT = dwarf;
				ENABLE_STRICT_OBJC_MSGSEND = YES;
				GCC_C_LANGUAGE_STANDARD = gnu99;
				GCC_DYNAMIC_NO_PIC = NO;
				GCC_NO_COMMON_BLOCKS = YES;
				GCC_OPTIMIZATION_LEVEL = 0;
				GCC_PREPROCESSOR_DEFINITIONS = (
					"DEBUG=1",
					"$(inherited)",
				);
				GCC_SYMBOLS_PRIVATE_EXTERN = NO;
				GCC_WARN_64_TO_32_BIT_CONVERSION = YES;
				GCC_WARN_ABOUT_RETURN_TYPE = YES_ERROR;
				GCC_WARN_UNDECLARED_SELECTOR = YES;
				GCC_WARN_UNINITIALIZED_AUTOS = YES_AGGRESSIVE;
				GCC_WARN_UNUSED_FUNCTION = YES;
				GCC_WARN_UNUSED_VARIABLE = YES;
				MACOSX_DEPLOYMENT_TARGET = 10.10;
				MTL_ENABLE_DEBUG_INFO = YES;
				ONLY_ACTIVE_ARCH = YES;
				SDKROOT = macosx;
			};
			name = Debug;
		};
		71C3C8F51AEC360700E853F8 /* Release */ = {
			isa = XCBuildConfiguration;
			buildSettings = {
				ALWAYS_SEARCH_USER_PATHS = NO;
				CLANG_CXX_LANGUAGE_STANDARD = "gnu++0x";
				CLANG_CXX_LIBRARY = "libc++";
				CLANG_ENABLE_MODULES = YES;
				CLANG_ENABLE_OBJC_ARC = YES;
				CLANG_WARN_BOOL_CONVERSION = YES;
				CLANG_WARN_CONSTANT_CONVERSION = YES;
				CLANG_WARN_DIRECT_OBJC_ISA_USAGE = YES_ERROR;
				CLANG_WARN_EMPTY_BODY = YES;
				CLANG_WARN_ENUM_CONVERSION = YES;
				CLANG_WARN_INT_CONVERSION = YES;
				CLANG_WARN_OBJC_ROOT_CLASS = YES_ERROR;
				CLANG_WARN_UNREACHABLE_CODE = YES;
				CLANG_WARN__DUPLICATE_METHOD_MATCH = YES;
				COPY_PHASE_STRIP = NO;
				DEBUG_INFORMATION_FORMAT = "dwarf-with-dsym";
				ENABLE_NS_ASSERTIONS = NO;
				ENABLE_STRICT_OBJC_MSGSEND = YES;
				GCC_C_LANGUAGE_STANDARD = gnu99;
				GCC_NO_COMMON_BLOCKS = YES;
				GCC_WARN_64_TO_32_BIT_CONVERSION = YES;
				GCC_WARN_ABOUT_RETURN_TYPE = YES_ERROR;
				GCC_WARN_UNDECLARED_SELECTOR = YES;
				GCC_WARN_UNINITIALIZED_AUTOS = YES_AGGRESSIVE;
				GCC_WARN_UNUSED_FUNCTION = YES;
				GCC_WARN_UNUSED_VARIABLE = YES;
				MACOSX_DEPLOYMENT_TARGET = 10.10;
				MTL_ENABLE_DEBUG_INFO = NO;
				SDKROOT = macosx;
			};
			name = Release;
		};
		71C3C8F71AEC360700E853F8 /* Debug */ = {
			isa = XCBuildConfiguration;
			buildSettings = {
				PRODUCT_NAME = "$(TARGET_NAME)";
			};
			name = Debug;
		};
		71C3C8F81AEC360700E853F8 /* Release */ = {
			isa = XCBuildConfiguration;
			buildSettings = {
				PRODUCT_NAME = "$(TARGET_NAME)";
			};
			name = Release;
		};
/* End XCBuildConfiguration section */

/* Begin XCConfigurationList section */
		71C3C8EA1AEC360700E853F8 /* Build configuration list for PBXProject "4b" */ = {
			isa = XCConfigurationList;
			buildConfigurations = (
				71C3C8F41AEC360700E853F8 /* Debug */,
				71C3C8F51AEC360700E853F8 /* Release */,
			);
			defaultConfigurationIsVisible = 0;
			defaultConfigurationName = Release;
		};
		71C3C8F61AEC360700E853F8 /* Build configuration list for PBXNativeTarget "4b" */ = {
			isa = XCConfigurationList;
			buildConfigurations = (
				71C3C8F71AEC360700E853F8 /* Debug */,
				71C3C8F81AEC360700E853F8 /* Release */,
			);
			defaultConfigurationIsVisible = 0;
		};
/* End XCConfigurationList section */
	};
	rootObject = 71C3C8E71AEC360700E853F8 /* Project object */;
}
