// !$*UTF8*$!
{
	archiveVersion = 1;
	classes = {
	};
	objectVersion = 46;
	objects = {

/* Begin PBXBuildFile section */
		71228E7D1AD9AD5600FD3BC8 /* hailstone.cpp in Sources */ = {isa = PBXBuildFile; fileRef = 71228E7C1AD9AD5600FD3BC8 /* hailstone.cpp */; };
/* End PBXBuildFile section */

/* Begin PBXCopyFilesBuildPhase section */
		71228E771AD9AD5600FD3BC8 /* CopyFiles */ = {
			isa = PBXCopyFilesBuildPhase;
			buildActionMask = 2147483647;
			dstPath = /usr/share/man/man1/;
			dstSubfolderSpec = 0;
			files = (
			);
			runOnlyForDeploymentPostprocessing = 1;
		};
/* End PBXCopyFilesBuildPhase section */

/* Begin PBXFileReference section */
		71228E791AD9AD5600FD3BC8 /* 2b - Hailstone */ = {isa = PBXFileReference; explicitFileType = "compiled.mach-o.executable"; includeInIndex = 0; path = "2b - Hailstone"; sourceTree = BUILT_PRODUCTS_DIR; };
		71228E7C1AD9AD5600FD3BC8 /* hailstone.cpp */ = {isa = PBXFileReference; lastKnownFileType = sourcecode.cpp.cpp; path = hailstone.cpp; sourceTree = "<group>"; };
/* End PBXFileReference section */

/* Begin PBXFrameworksBuildPhase section */
		71228E761AD9AD5600FD3BC8 /* Frameworks */ = {
			isa = PBXFrameworksBuildPhase;
			buildActionMask = 2147483647;
			files = (
			);
			runOnlyForDeploymentPostprocessing = 0;
		};
/* End PBXFrameworksBuildPhase section */

/* Begin PBXGroup section */
		71228E701AD9AD5600FD3BC8 = {
			isa = PBXGroup;
			children = (
				71228E7B1AD9AD5600FD3BC8 /* 2b - Hailstone */,
				71228E7A1AD9AD5600FD3BC8 /* Products */,
			);
			sourceTree = "<group>";
		};
		71228E7A1AD9AD5600FD3BC8 /* Products */ = {
			isa = PBXGroup;
			children = (
				71228E791AD9AD5600FD3BC8 /* 2b - Hailstone */,
			);
			name = Products;
			sourceTree = "<group>";
		};
		71228E7B1AD9AD5600FD3BC8 /* 2b - Hailstone */ = {
			isa = PBXGroup;
			children = (
				71228E7C1AD9AD5600FD3BC8 /* hailstone.cpp */,
			);
			path = "2b - Hailstone";
			sourceTree = "<group>";
		};
/* End PBXGroup section */

/* Begin PBXNativeTarget section */
		71228E781AD9AD5600FD3BC8 /* 2b - Hailstone */ = {
			isa = PBXNativeTarget;
			buildConfigurationList = 71228E801AD9AD5600FD3BC8 /* Build configuration list for PBXNativeTarget "2b - Hailstone" */;
			buildPhases = (
				71228E751AD9AD5600FD3BC8 /* Sources */,
				71228E761AD9AD5600FD3BC8 /* Frameworks */,
				71228E771AD9AD5600FD3BC8 /* CopyFiles */,
			);
			buildRules = (
			);
			dependencies = (
			);
			name = "2b - Hailstone";
			productName = "2b - Hailstone";
			productReference = 71228E791AD9AD5600FD3BC8 /* 2b - Hailstone */;
			productType = "com.apple.product-type.tool";
		};
/* End PBXNativeTarget section */

/* Begin PBXProject section */
		71228E711AD9AD5600FD3BC8 /* Project object */ = {
			isa = PBXProject;
			attributes = {
				LastUpgradeCheck = 0620;
				ORGANIZATIONNAME = "Dane Schoonover";
				TargetAttributes = {
					71228E781AD9AD5600FD3BC8 = {
						CreatedOnToolsVersion = 6.2;
					};
				};
			};
			buildConfigurationList = 71228E741AD9AD5600FD3BC8 /* Build configuration list for PBXProject "2b - Hailstone" */;
			compatibilityVersion = "Xcode 3.2";
			developmentRegion = English;
			hasScannedForEncodings = 0;
			knownRegions = (
				en,
			);
			mainGroup = 71228E701AD9AD5600FD3BC8;
			productRefGroup = 71228E7A1AD9AD5600FD3BC8 /* Products */;
			projectDirPath = "";
			projectRoot = "";
			targets = (
				71228E781AD9AD5600FD3BC8 /* 2b - Hailstone */,
			);
		};
/* End PBXProject section */

/* Begin PBXSourcesBuildPhase section */
		71228E751AD9AD5600FD3BC8 /* Sources */ = {
			isa = PBXSourcesBuildPhase;
			buildActionMask = 2147483647;
			files = (
				71228E7D1AD9AD5600FD3BC8 /* hailstone.cpp in Sources */,
			);
			runOnlyForDeploymentPostprocessing = 0;
		};
/* End PBXSourcesBuildPhase section */

/* Begin XCBuildConfiguration section */
		71228E7E1AD9AD5600FD3BC8 /* Debug */ = {
			isa = XCBuildConfiguration;
			buildSettings = {
				ALWAYS_SEARCH_USER_PATHS = NO;
				CLANG_CXX_LANGUAGE_STANDARD = "gnu++0x";
				CLANG_CXX_LIBRARY = "libc++";
				CLANG_ENABLE_MODULES = YES;
				CLANG_ENABLE_OBJC_ARC = YES;
				CLANG_WARN_BOOL_CONVERSION = YES;
				CLANG_WARN_CONSTANT_CONVERSION = YES;
				CLANG_WARN_DIRECT_OBJC_ISA_USAGE = YES_ERROR;
				CLANG_WARN_EMPTY_BODY = YES;
				CLANG_WARN_ENUM_CONVERSION = YES;
				CLANG_WARN_INT_CONVERSION = YES;
				CLANG_WARN_OBJC_ROOT_CLASS = YES_ERROR;
				CLANG_WARN_UNREACHABLE_CODE = YES;
				CLANG_WARN__DUPLICATE_METHOD_MATCH = YES;
				COPY_PHASE_STRIP = NO;
				ENABLE_STRICT_OBJC_MSGSEND = YES;
				GCC_C_LANGUAGE_STANDARD = gnu99;
				GCC_DYNAMIC_NO_PIC = NO;
				GCC_OPTIMIZATION_LEVEL = 0;
				GCC_PREPROCESSOR_DEFINITIONS = (
					"DEBUG=1",
					"$(inherited)",
				);
				GCC_SYMBOLS_PRIVATE_EXTERN = NO;
				GCC_WARN_64_TO_32_BIT_CONVERSION = YES;
				GCC_WARN_ABOUT_RETURN_TYPE = YES_ERROR;
				GCC_WARN_UNDECLARED_SELECTOR = YES;
				GCC_WARN_UNINITIALIZED_AUTOS = YES_AGGRESSIVE;
				GCC_WARN_UNUSED_FUNCTION = YES;
				GCC_WARN_UNUSED_VARIABLE = YES;
				MACOSX_DEPLOYMENT_TARGET = 10.10;
				MTL_ENABLE_DEBUG_INFO = YES;
				ONLY_ACTIVE_ARCH = YES;
				SDKROOT = macosx;
			};
			name = Debug;
		};
		71228E7F1AD9AD5600FD3BC8 /* Release */ = {
			isa = XCBuildConfiguration;
			buildSettings = {
				ALWAYS_SEARCH_USER_PATHS = NO;
				CLANG_CXX_LANGUAGE_STANDARD = "gnu++0x";
				CLANG_CXX_LIBRARY = "libc++";
				CLANG_ENABLE_MODULES = YES;
				CLANG_ENABLE_OBJC_ARC = YES;
				CLANG_WARN_BOOL_CONVERSION = YES;
				CLANG_WARN_CONSTANT_CONVERSION = YES;
				CLANG_WARN_DIRECT_OBJC_ISA_USAGE = YES_ERROR;
				CLANG_WARN_EMPTY_BODY = YES;
				CLANG_WARN_ENUM_CONVERSION = YES;
				CLANG_WARN_INT_CONVERSION = YES;
				CLANG_WARN_OBJC_ROOT_CLASS = YES_ERROR;
				CLANG_WARN_UNREACHABLE_CODE = YES;
				CLANG_WARN__DUPLICATE_METHOD_MATCH = YES;
				COPY_PHASE_STRIP = NO;
				DEBUG_INFORMATION_FORMAT = "dwarf-with-dsym";
				ENABLE_NS_ASSERTIONS = NO;
				ENABLE_STRICT_OBJC_MSGSEND = YES;
				GCC_C_LANGUAGE_STANDARD = gnu99;
				GCC_WARN_64_TO_32_BIT_CONVERSION = YES;
				GCC_WARN_ABOUT_RETURN_TYPE = YES_ERROR;
				GCC_WARN_UNDECLARED_SELECTOR = YES;
				GCC_WARN_UNINITIALIZED_AUTOS = YES_AGGRESSIVE;
				GCC_WARN_UNUSED_FUNCTION = YES;
				GCC_WARN_UNUSED_VARIABLE = YES;
				MACOSX_DEPLOYMENT_TARGET = 10.10;
				MTL_ENABLE_DEBUG_INFO = NO;
				SDKROOT = macosx;
			};
			name = Release;
		};
		71228E811AD9AD5600FD3BC8 /* Debug */ = {
			isa = XCBuildConfiguration;
			buildSettings = {
				PRODUCT_NAME = "$(TARGET_NAME)";
			};
			name = Debug;
		};
		71228E821AD9AD5600FD3BC8 /* Release */ = {
			isa = XCBuildConfiguration;
			buildSettings = {
				PRODUCT_NAME = "$(TARGET_NAME)";
			};
			name = Release;
		};
/* End XCBuildConfiguration section */

/* Begin XCConfigurationList section */
		71228E741AD9AD5600FD3BC8 /* Build configuration list for PBXProject "2b - Hailstone" */ = {
			isa = XCConfigurationList;
			buildConfigurations = (
				71228E7E1AD9AD5600FD3BC8 /* Debug */,
				71228E7F1AD9AD5600FD3BC8 /* Release */,
			);
			defaultConfigurationIsVisible = 0;
			defaultConfigurationName = Release;
		};
		71228E801AD9AD5600FD3BC8 /* Build configuration list for PBXNativeTarget "2b - Hailstone" */ = {
			isa = XCConfigurationList;
			buildConfigurations = (
				71228E811AD9AD5600FD3BC8 /* Debug */,
				71228E821AD9AD5600FD3BC8 /* Release */,
			);
			defaultConfigurationIsVisible = 0;
		};
/* End XCConfigurationList section */
	};
	rootObject = 71228E711AD9AD5600FD3BC8 /* Project object */;
}
