// !$*UTF8*$!
{
	archiveVersion = 1;
	classes = {
	};
	objectVersion = 46;
	objects = {

/* Begin PBXBuildFile section */
		71EC92E51AF02FA4001ECA1E /* stringSort.cpp in Sources */ = {isa = PBXBuildFile; fileRef = 71EC92E41AF02FA4001ECA1E /* stringSort.cpp */; };
/* End PBXBuildFile section */

/* Begin PBXCopyFilesBuildPhase section */
		71EC92DF1AF02FA4001ECA1E /* CopyFiles */ = {
			isa = PBXCopyFilesBuildPhase;
			buildActionMask = 2147483647;
			dstPath = /usr/share/man/man1/;
			dstSubfolderSpec = 0;
			files = (
			);
			runOnlyForDeploymentPostprocessing = 1;
		};
/* End PBXCopyFilesBuildPhase section */

/* Begin PBXFileReference section */
		71EC92E11AF02FA4001ECA1E /* 5a */ = {isa = PBXFileReference; explicitFileType = "compiled.mach-o.executable"; includeInIndex = 0; path = 5a; sourceTree = BUILT_PRODUCTS_DIR; };
		71EC92E41AF02FA4001ECA1E /* stringSort.cpp */ = {isa = PBXFileReference; lastKnownFileType = sourcecode.cpp.cpp; path = stringSort.cpp; sourceTree = "<group>"; };
/* End PBXFileReference section */

/* Begin PBXFrameworksBuildPhase section */
		71EC92DE1AF02FA4001ECA1E /* Frameworks */ = {
			isa = PBXFrameworksBuildPhase;
			buildActionMask = 2147483647;
			files = (
			);
			runOnlyForDeploymentPostprocessing = 0;
		};
/* End PBXFrameworksBuildPhase section */

/* Begin PBXGroup section */
		71EC92D81AF02FA4001ECA1E = {
			isa = PBXGroup;
			children = (
				71EC92E31AF02FA4001ECA1E /* 5a */,
				71EC92E21AF02FA4001ECA1E /* Products */,
			);
			sourceTree = "<group>";
		};
		71EC92E21AF02FA4001ECA1E /* Products */ = {
			isa = PBXGroup;
			children = (
				71EC92E11AF02FA4001ECA1E /* 5a */,
			);
			name = Products;
			sourceTree = "<group>";
		};
		71EC92E31AF02FA4001ECA1E /* 5a */ = {
			isa = PBXGroup;
			children = (
				71EC92E41AF02FA4001ECA1E /* stringSort.cpp */,
			);
			path = 5a;
			sourceTree = "<group>";
		};
/* End PBXGroup section */

/* Begin PBXNativeTarget section */
		71EC92E01AF02FA4001ECA1E /* 5a */ = {
			isa = PBXNativeTarget;
			buildConfigurationList = 71EC92E81AF02FA4001ECA1E /* Build configuration list for PBXNativeTarget "5a" */;
			buildPhases = (
				71EC92DD1AF02FA4001ECA1E /* Sources */,
				71EC92DE1AF02FA4001ECA1E /* Frameworks */,
				71EC92DF1AF02FA4001ECA1E /* CopyFiles */,
			);
			buildRules = (
			);
			dependencies = (
			);
			name = 5a;
			productName = 5a;
			productReference = 71EC92E11AF02FA4001ECA1E /* 5a */;
			productType = "com.apple.product-type.tool";
		};
/* End PBXNativeTarget section */

/* Begin PBXProject section */
		71EC92D91AF02FA4001ECA1E /* Project object */ = {
			isa = PBXProject;
			attributes = {
				LastUpgradeCheck = 0630;
				ORGANIZATIONNAME = "Dane Schoonover";
				TargetAttributes = {
					71EC92E01AF02FA4001ECA1E = {
						CreatedOnToolsVersion = 6.3;
					};
				};
			};
			buildConfigurationList = 71EC92DC1AF02FA4001ECA1E /* Build configuration list for PBXProject "5a" */;
			compatibilityVersion = "Xcode 3.2";
			developmentRegion = English;
			hasScannedForEncodings = 0;
			knownRegions = (
				en,
			);
			mainGroup = 71EC92D81AF02FA4001ECA1E;
			productRefGroup = 71EC92E21AF02FA4001ECA1E /* Products */;
			projectDirPath = "";
			projectRoot = "";
			targets = (
				71EC92E01AF02FA4001ECA1E /* 5a */,
			);
		};
/* End PBXProject section */

/* Begin PBXSourcesBuildPhase section */
		71EC92DD1AF02FA4001ECA1E /* Sources */ = {
			isa = PBXSourcesBuildPhase;
			buildActionMask = 2147483647;
			files = (
				71EC92E51AF02FA4001ECA1E /* stringSort.cpp in Sources */,
			);
			runOnlyForDeploymentPostprocessing = 0;
		};
/* End PBXSourcesBuildPhase section */

/* Begin XCBuildConfiguration section */
		71EC92E61AF02FA4001ECA1E /* Debug */ = {
			isa = XCBuildConfiguration;
			buildSettings = {
				ALWAYS_SEARCH_USER_PATHS = NO;
				CLANG_CXX_LANGUAGE_STANDARD = "gnu++0x";
				CLANG_CXX_LIBRARY = "libc++";
				CLANG_ENABLE_MODULES = YES;
				CLANG_ENABLE_OBJC_ARC = YES;
				CLANG_WARN_BOOL_CONVERSION = YES;
				CLANG_WARN_CONSTANT_CONVERSION = YES;
				CLANG_WARN_DIRECT_OBJC_ISA_USAGE = YES_ERROR;
				CLANG_WARN_EMPTY_BODY = YES;
				CLANG_WARN_ENUM_CONVERSION = YES;
				CLANG_WARN_INT_CONVERSION = YES;
				CLANG_WARN_OBJC_ROOT_CLASS = YES_ERROR;
				CLANG_WARN_UNREACHABLE_CODE = YES;
				CLANG_WARN__DUPLICATE_METHOD_MATCH = YES;
				COPY_PHASE_STRIP = NO;
				DEBUG_INFORMATION_FORMAT = dwarf;
				ENABLE_STRICT_OBJC_MSGSEND = YES;
				GCC_C_LANGUAGE_STANDARD = gnu99;
				GCC_DYNAMIC_NO_PIC = NO;
				GCC_NO_COMMON_BLOCKS = YES;
				GCC_OPTIMIZATION_LEVEL = 0;
				GCC_PREPROCESSOR_DEFINITIONS = (
					"DEBUG=1",
					"$(inherited)",
				);
				GCC_SYMBOLS_PRIVATE_EXTERN = NO;
				GCC_WARN_64_TO_32_BIT_CONVERSION = YES;
				GCC_WARN_ABOUT_RETURN_TYPE = YES_ERROR;
				GCC_WARN_UNDECLARED_SELECTOR = YES;
				GCC_WARN_UNINITIALIZED_AUTOS = YES_AGGRESSIVE;
				GCC_WARN_UNUSED_FUNCTION = YES;
				GCC_WARN_UNUSED_VARIABLE = YES;
				MACOSX_DEPLOYMENT_TARGET = 10.10;
				MTL_ENABLE_DEBUG_INFO = YES;
				ONLY_ACTIVE_ARCH = YES;
				SDKROOT = macosx;
			};
			name = Debug;
		};
		71EC92E71AF02FA4001ECA1E /* Release */ = {
			isa = XCBuildConfiguration;
			buildSettings = {
				ALWAYS_SEARCH_USER_PATHS = NO;
				CLANG_CXX_LANGUAGE_STANDARD = "gnu++0x";
				CLANG_CXX_LIBRARY = "libc++";
				CLANG_ENABLE_MODULES = YES;
				CLANG_ENABLE_OBJC_ARC = YES;
				CLANG_WARN_BOOL_CONVERSION = YES;
				CLANG_WARN_CONSTANT_CONVERSION = YES;
				CLANG_WARN_DIRECT_OBJC_ISA_USAGE = YES_ERROR;
				CLANG_WARN_EMPTY_BODY = YES;
				CLANG_WARN_ENUM_CONVERSION = YES;
				CLANG_WARN_INT_CONVERSION = YES;
				CLANG_WARN_OBJC_ROOT_CLASS = YES_ERROR;
				CLANG_WARN_UNREACHABLE_CODE = YES;
				CLANG_WARN__DUPLICATE_METHOD_MATCH = YES;
				COPY_PHASE_STRIP = NO;
				DEBUG_INFORMATION_FORMAT = "dwarf-with-dsym";
				ENABLE_NS_ASSERTIONS = NO;
				ENABLE_STRICT_OBJC_MSGSEND = YES;
				GCC_C_LANGUAGE_STANDARD = gnu99;
				GCC_NO_COMMON_BLOCKS = YES;
				GCC_WARN_64_TO_32_BIT_CONVERSION = YES;
				GCC_WARN_ABOUT_RETURN_TYPE = YES_ERROR;
				GCC_WARN_UNDECLARED_SELECTOR = YES;
				GCC_WARN_UNINITIALIZED_AUTOS = YES_AGGRESSIVE;
				GCC_WARN_UNUSED_FUNCTION = YES;
				GCC_WARN_UNUSED_VARIABLE = YES;
				MACOSX_DEPLOYMENT_TARGET = 10.10;
				MTL_ENABLE_DEBUG_INFO = NO;
				SDKROOT = macosx;
			};
			name = Release;
		};
		71EC92E91AF02FA4001ECA1E /* Debug */ = {
			isa = XCBuildConfiguration;
			buildSettings = {
				PRODUCT_NAME = "$(TARGET_NAME)";
			};
			name = Debug;
		};
		71EC92EA1AF02FA4001ECA1E /* Release */ = {
			isa = XCBuildConfiguration;
			buildSettings = {
				PRODUCT_NAME = "$(TARGET_NAME)";
			};
			name = Release;
		};
/* End XCBuildConfiguration section */

/* Begin XCConfigurationList section */
		71EC92DC1AF02FA4001ECA1E /* Build configuration list for PBXProject "5a" */ = {
			isa = XCConfigurationList;
			buildConfigurations = (
				71EC92E61AF02FA4001ECA1E /* Debug */,
				71EC92E71AF02FA4001ECA1E /* Release */,
			);
			defaultConfigurationIsVisible = 0;
			defaultConfigurationName = Release;
		};
		71EC92E81AF02FA4001ECA1E /* Build configuration list for PBXNativeTarget "5a" */ = {
			isa = XCConfigurationList;
			buildConfigurations = (
				71EC92E91AF02FA4001ECA1E /* Debug */,
				71EC92EA1AF02FA4001ECA1E /* Release */,
			);
			defaultConfigurationIsVisible = 0;
			defaultConfigurationName = Release;
		};
/* End XCConfigurationList section */
	};
	rootObject = 71EC92D91AF02FA4001ECA1E /* Project object */;
}
